
Microsoft Visual Studio Solution File, Format Version 12.00
# Visual Studio Version 17
VisualStudioVersion = 17.8.34408.163
MinimumVisualStudioVersion = 10.0.40219.1
Project("{FAE04EC0-301F-11D3-BF4B-00C04F79EFBC}") = "Matrix", "Matrix\Matrix.csproj", "{DDCB20E3-8C11-418F-994E-CC224C0149CB}"
EndProject
Global
	GlobalSection(SolutionConfigurationPlatforms) = preSolution
		Debug|Any CPU = Debug|Any CPU
		Release|Any CPU = Release|Any CPU
	EndGlobalSection
	GlobalSection(ProjectConfigurationPlatforms) = postSolution
		{DDCB20E3-8C11-418F-994E-CC224C0149CB}.Debug|Any CPU.ActiveCfg = Debug|Any CPU
		{DDCB20E3-8C11-418F-994E-CC224C0149CB}.Debug|Any CPU.Build.0 = Debug|Any CPU
		{DDCB20E3-8C11-418F-994E-CC224C0149CB}.Release|Any CPU.ActiveCfg = Release|Any CPU
		{DDCB20E3-8C11-418F-994E-CC224C0149CB}.Release|Any CPU.Build.0 = Release|Any CPU
	EndGlobalSection
	GlobalSection(SolutionProperties) = preSolution
		HideSolutionNode = FALSE
	EndGlobalSection
	GlobalSection(ExtensibilityGlobals) = postSolution
		SolutionGuid = {1A65573D-F0AC-45C0-B3B1-A856F0A28F4D}
	EndGlobalSection
EndGlobal
