
Microsoft Visual Studio Solution File, Format Version 12.00
# Visual Studio Version 17
VisualStudioVersion = 17.8.34408.163
MinimumVisualStudioVersion = 10.0.40219.1
Project("{FAE04EC0-301F-11D3-BF4B-00C04F79EFBC}") = "MatrixMultiplication-new", "MatrixMultiplication-new\MatrixMultiplication-new.csproj", "{95F2237C-1029-48A6-BD6D-60A90E873A3F}"
EndProject
Global
	GlobalSection(SolutionConfigurationPlatforms) = preSolution
		Debug|Any CPU = Debug|Any CPU
		Release|Any CPU = Release|Any CPU
	EndGlobalSection
	GlobalSection(ProjectConfigurationPlatforms) = postSolution
		{95F2237C-1029-48A6-BD6D-60A90E873A3F}.Debug|Any CPU.ActiveCfg = Debug|Any CPU
		{95F2237C-1029-48A6-BD6D-60A90E873A3F}.Debug|Any CPU.Build.0 = Debug|Any CPU
		{95F2237C-1029-48A6-BD6D-60A90E873A3F}.Release|Any CPU.ActiveCfg = Release|Any CPU
		{95F2237C-1029-48A6-BD6D-60A90E873A3F}.Release|Any CPU.Build.0 = Release|Any CPU
	EndGlobalSection
	GlobalSection(SolutionProperties) = preSolution
		HideSolutionNode = FALSE
	EndGlobalSection
	GlobalSection(ExtensibilityGlobals) = postSolution
		SolutionGuid = {40B49849-6B99-4B27-A4A1-425FD0ABB77D}
	EndGlobalSection
EndGlobal
